
Microsoft Visual Studio Solution File, Format Version 12.00
# Visual Studio 15
VisualStudioVersion = 15.0.26430.6
MinimumVisualStudioVersion = 10.0.40219.1
Project("{FAE04EC0-301F-11D3-BF4B-00C04F79EFBC}") = "Sort Salary Validation and Team", "Sort Persons by Name and Age\Sort Salary Validation and Team.csproj", "{2463D688-98D4-43FD-9473-2AAD45DE402A}"
EndProject
Global
	GlobalSection(SolutionConfigurationPlatforms) = preSolution
		Debug|Any CPU = Debug|Any CPU
		Release|Any CPU = Release|Any CPU
	EndGlobalSection
	GlobalSection(ProjectConfigurationPlatforms) = postSolution
		{2463D688-98D4-43FD-9473-2AAD45DE402A}.Debug|Any CPU.ActiveCfg = Debug|Any CPU
		{2463D688-98D4-43FD-9473-2AAD45DE402A}.Debug|Any CPU.Build.0 = Debug|Any CPU
		{2463D688-98D4-43FD-9473-2AAD45DE402A}.Release|Any CPU.ActiveCfg = Release|Any CPU
		{2463D688-98D4-43FD-9473-2AAD45DE402A}.Release|Any CPU.Build.0 = Release|Any CPU
	EndGlobalSection
	GlobalSection(SolutionProperties) = preSolution
		HideSolutionNode = FALSE
	EndGlobalSection
EndGlobal
